// !$*UTF8*$!
{
	archiveVersion = 1;
	classes = {
	};
	objectVersion = 46;
	objects = {

/* Begin PBXBuildFile section */
		68171BE119ADDBC5000AFEEB /* Foundation.framework in Frameworks */ = {isa = PBXBuildFile; fileRef = 68171BE019ADDBC5000AFEEB /* Foundation.framework */; };
		68171BE319ADDBC5000AFEEB /* CoreGraphics.framework in Frameworks */ = {isa = PBXBuildFile; fileRef = 68171BE219ADDBC5000AFEEB /* CoreGraphics.framework */; };
		68171BE519ADDBC5000AFEEB /* UIKit.framework in Frameworks */ = {isa = PBXBuildFile; fileRef = 68171BE419ADDBC5000AFEEB /* UIKit.framework */; };
		68171BEB19ADDBC5000AFEEB /* InfoPlist.strings in Resources */ = {isa = PBXBuildFile; fileRef = 68171BE919ADDBC5000AFEEB /* InfoPlist.strings */; };
		68171BED19ADDBC5000AFEEB /* main.m in Sources */ = {isa = PBXBuildFile; fileRef = 68171BEC19ADDBC5000AFEEB /* main.m */; };
		68171BF119ADDBC5000AFEEB /* MyPlayProjectAppDelegate.m in Sources */ = {isa = PBXBuildFile; fileRef = 68171BF019ADDBC5000AFEEB /* MyPlayProjectAppDelegate.m */; };
		68171BF419ADDBC5000AFEEB /* MyPlayProject.storyboard in Resources */ = {isa = PBXBuildFile; fileRef = 68171BF219ADDBC5000AFEEB /* MyPlayProject.storyboard */; };
		68171BF719ADDBC5000AFEEB /* MyPlayProjectViewController.m in Sources */ = {isa = PBXBuildFile; fileRef = 68171BF619ADDBC5000AFEEB /* MyPlayProjectViewController.m */; };
		68171BF919ADDBC5000AFEEB /* Images.xcassets in Resources */ = {isa = PBXBuildFile; fileRef = 68171BF819ADDBC5000AFEEB /* Images.xcassets */; };
		68171C1619ADDC04000AFEEB /* QuartzCore.framework in Frameworks */ = {isa = PBXBuildFile; fileRef = 68171C1519ADDC04000AFEEB /* QuartzCore.framework */; };
		68171C2219ADDCD6000AFEEB /* libShinobiPlayUtils.a in Frameworks */ = {isa = PBXBuildFile; fileRef = 68171C1D19ADDC45000AFEEB /* libShinobiPlayUtils.a */; };
/* End PBXBuildFile section */

/* Begin PBXContainerItemProxy section */
		68171C1C19ADDC45000AFEEB /* PBXContainerItemProxy */ = {
			isa = PBXContainerItemProxy;
			containerPortal = 68171C1719ADDC45000AFEEB /* ShinobiPlayUtils.xcodeproj */;
			proxyType = 2;
			remoteGlobalIDString = 68793C011959855D009C17BD;
			remoteInfo = ShinobiPlayUtils;
		};
		68171C1E19ADDC45000AFEEB /* PBXContainerItemProxy */ = {
			isa = PBXContainerItemProxy;
			containerPortal = 68171C1719ADDC45000AFEEB /* ShinobiPlayUtils.xcodeproj */;
			proxyType = 2;
			remoteGlobalIDString = 68793C111959855E009C17BD;
			remoteInfo = ShinobiPlayUtilsTests;
		};
		68171C2019ADDCCB000AFEEB /* PBXContainerItemProxy */ = {
			isa = PBXContainerItemProxy;
			containerPortal = 68171C1719ADDC45000AFEEB /* ShinobiPlayUtils.xcodeproj */;
			proxyType = 1;
			remoteGlobalIDString = 68793C001959855D009C17BD;
			remoteInfo = ShinobiPlayUtils;
		};
/* End PBXContainerItemProxy section */

/* Begin PBXFileReference section */
		68171BDD19ADDBC5000AFEEB /* MyPlayProject.app */ = {isa = PBXFileReference; explicitFileType = wrapper.application; includeInIndex = 0; path = MyPlayProject.app; sourceTree = BUILT_PRODUCTS_DIR; };
		68171BE019ADDBC5000AFEEB /* Foundation.framework */ = {isa = PBXFileReference; lastKnownFileType = wrapper.framework; name = Foundation.framework; path = System/Library/Frameworks/Foundation.framework; sourceTree = SDKROOT; };
		68171BE219ADDBC5000AFEEB /* CoreGraphics.framework */ = {isa = PBXFileReference; lastKnownFileType = wrapper.framework; name = CoreGraphics.framework; path = System/Library/Frameworks/CoreGraphics.framework; sourceTree = SDKROOT; };
		68171BE419ADDBC5000AFEEB /* UIKit.framework */ = {isa = PBXFileReference; lastKnownFileType = wrapper.framework; name = UIKit.framework; path = System/Library/Frameworks/UIKit.framework; sourceTree = SDKROOT; };
		68171BE819ADDBC5000AFEEB /* MyPlayProject-Info.plist */ = {isa = PBXFileReference; lastKnownFileType = text.plist.xml; path = "MyPlayProject-Info.plist"; sourceTree = "<group>"; };
		68171BEA19ADDBC5000AFEEB /* en */ = {isa = PBXFileReference; lastKnownFileType = text.plist.strings; name = en; path = en.lproj/InfoPlist.strings; sourceTree = "<group>"; };
		68171BEC19ADDBC5000AFEEB /* main.m */ = {isa = PBXFileReference; lastKnownFileType = sourcecode.c.objc; lineEnding = 0; path = main.m; sourceTree = "<group>"; xcLanguageSpecificationIdentifier = xcode.lang.objc; };
		68171BEE19ADDBC5000AFEEB /* MyPlayProject-Prefix.pch */ = {isa = PBXFileReference; lastKnownFileType = sourcecode.c.h; path = "MyPlayProject-Prefix.pch"; sourceTree = "<group>"; };
		68171BEF19ADDBC5000AFEEB /* MyPlayProjectAppDelegate.h */ = {isa = PBXFileReference; lastKnownFileType = sourcecode.c.h; path = MyPlayProjectAppDelegate.h; sourceTree = "<group>"; };
		68171BF019ADDBC5000AFEEB /* MyPlayProjectAppDelegate.m */ = {isa = PBXFileReference; lastKnownFileType = sourcecode.c.objc; lineEnding = 0; path = MyPlayProjectAppDelegate.m; sourceTree = "<group>"; xcLanguageSpecificationIdentifier = xcode.lang.objc; };
		68171BF319ADDBC5000AFEEB /* Base */ = {isa = PBXFileReference; lastKnownFileType = file.storyboard; name = Base; path = Base.lproj/MyPlayProject.storyboard; sourceTree = "<group>"; };
		68171BF519ADDBC5000AFEEB /* MyPlayProjectViewController.h */ = {isa = PBXFileReference; lastKnownFileType = sourcecode.c.h; lineEnding = 0; path = MyPlayProjectViewController.h; sourceTree = "<group>"; xcLanguageSpecificationIdentifier = xcode.lang.objcpp; };
		68171BF619ADDBC5000AFEEB /* MyPlayProjectViewController.m */ = {isa = PBXFileReference; lastKnownFileType = sourcecode.c.objc; lineEnding = 0; path = MyPlayProjectViewController.m; sourceTree = "<group>"; xcLanguageSpecificationIdentifier = xcode.lang.objc; };
		68171BF819ADDBC5000AFEEB /* Images.xcassets */ = {isa = PBXFileReference; lastKnownFileType = folder.assetcatalog; path = Images.xcassets; sourceTree = "<group>"; };
		68171BFF19ADDBC5000AFEEB /* XCTest.framework */ = {isa = PBXFileReference; lastKnownFileType = wrapper.framework; name = XCTest.framework; path = Library/Frameworks/XCTest.framework; sourceTree = DEVELOPER_DIR; };
		68171C1519ADDC04000AFEEB /* QuartzCore.framework */ = {isa = PBXFileReference; lastKnownFileType = wrapper.framework; name = QuartzCore.framework; path = System/Library/Frameworks/QuartzCore.framework; sourceTree = SDKROOT; };
		68171C1719ADDC45000AFEEB /* ShinobiPlayUtils.xcodeproj */ = {isa = PBXFileReference; lastKnownFileType = "wrapper.pb-project"; name = ShinobiPlayUtils.xcodeproj; path = ShinobiPlayUtils/ShinobiPlayUtils/ShinobiPlayUtils.xcodeproj; sourceTree = "<group>"; };
/* End PBXFileReference section */

/* Begin PBXFrameworksBuildPhase section */
		68171BDA19ADDBC5000AFEEB /* Frameworks */ = {
			isa = PBXFrameworksBuildPhase;
			buildActionMask = 2147483647;
			files = (
				68171C2219ADDCD6000AFEEB /* libShinobiPlayUtils.a in Frameworks */,
				68171C1619ADDC04000AFEEB /* QuartzCore.framework in Frameworks */,
				68171BE319ADDBC5000AFEEB /* CoreGraphics.framework in Frameworks */,
				68171BE519ADDBC5000AFEEB /* UIKit.framework in Frameworks */,
				68171BE119ADDBC5000AFEEB /* Foundation.framework in Frameworks */,
			);
			runOnlyForDeploymentPostprocessing = 0;
		};
/* End PBXFrameworksBuildPhase section */

/* Begin PBXGroup section */
		68171BD419ADDBC5000AFEEB = {
			isa = PBXGroup;
			children = (
				68171C1719ADDC45000AFEEB /* ShinobiPlayUtils.xcodeproj */,
				68171BE619ADDBC5000AFEEB /* MyPlayProject */,
				68171BDF19ADDBC5000AFEEB /* Frameworks */,
				68171BDE19ADDBC5000AFEEB /* Products */,
			);
			sourceTree = "<group>";
		};
		68171BDE19ADDBC5000AFEEB /* Products */ = {
			isa = PBXGroup;
			children = (
				68171BDD19ADDBC5000AFEEB /* MyPlayProject.app */,
			);
			name = Products;
			sourceTree = "<group>";
		};
		68171BDF19ADDBC5000AFEEB /* Frameworks */ = {
			isa = PBXGroup;
			children = (
				68171C1519ADDC04000AFEEB /* QuartzCore.framework */,
				68171BE019ADDBC5000AFEEB /* Foundation.framework */,
				68171BE219ADDBC5000AFEEB /* CoreGraphics.framework */,
				68171BE419ADDBC5000AFEEB /* UIKit.framework */,
				68171BFF19ADDBC5000AFEEB /* XCTest.framework */,
			);
			name = Frameworks;
			sourceTree = "<group>";
		};
		68171BE619ADDBC5000AFEEB /* MyPlayProject */ = {
			isa = PBXGroup;
			children = (
				68171BEF19ADDBC5000AFEEB /* MyPlayProjectAppDelegate.h */,
				68171BF019ADDBC5000AFEEB /* MyPlayProjectAppDelegate.m */,
				68171BF219ADDBC5000AFEEB /* MyPlayProject.storyboard */,
				68171BF519ADDBC5000AFEEB /* MyPlayProjectViewController.h */,
				68171BF619ADDBC5000AFEEB /* MyPlayProjectViewController.m */,
				68171BF819ADDBC5000AFEEB /* Images.xcassets */,
				68171BE719ADDBC5000AFEEB /* Supporting Files */,
			);
			path = MyPlayProject;
			sourceTree = "<group>";
		};
		68171BE719ADDBC5000AFEEB /* Supporting Files */ = {
			isa = PBXGroup;
			children = (
				68171BE819ADDBC5000AFEEB /* MyPlayProject-Info.plist */,
				68171BE919ADDBC5000AFEEB /* InfoPlist.strings */,
				68171BEC19ADDBC5000AFEEB /* main.m */,
				68171BEE19ADDBC5000AFEEB /* MyPlayProject-Prefix.pch */,
			);
			name = "Supporting Files";
			sourceTree = "<group>";
		};
		68171C1819ADDC45000AFEEB /* Products */ = {
			isa = PBXGroup;
			children = (
				68171C1D19ADDC45000AFEEB /* libShinobiPlayUtils.a */,
				68171C1F19ADDC45000AFEEB /* ShinobiPlayUtilsTests.xctest */,
			);
			name = Products;
			sourceTree = "<group>";
		};
/* End PBXGroup section */

/* Begin PBXNativeTarget section */
		68171BDC19ADDBC5000AFEEB /* MyPlayProject */ = {
			isa = PBXNativeTarget;
			buildConfigurationList = 68171C0F19ADDBC5000AFEEB /* Build configuration list for PBXNativeTarget "MyPlayProject" */;
			buildPhases = (
				68171BD919ADDBC5000AFEEB /* Sources */,
				68171BDA19ADDBC5000AFEEB /* Frameworks */,
				68171BDB19ADDBC5000AFEEB /* Resources */,
			);
			buildRules = (
			);
			dependencies = (
				68171C2119ADDCCB000AFEEB /* PBXTargetDependency */,
			);
			name = MyPlayProject;
			productName = MyPlayProject;
			productReference = 68171BDD19ADDBC5000AFEEB /* MyPlayProject.app */;
			productType = "com.apple.product-type.application";
		};
/* End PBXNativeTarget section */

/* Begin PBXProject section */
		68171BD519ADDBC5000AFEEB /* Project object */ = {
			isa = PBXProject;
			attributes = {
				CLASSPREFIX = MyPlayProject;
				LastUpgradeCheck = 0510;
				ORGANIZATIONNAME = "Alison Clarke";
			};
			buildConfigurationList = 68171BD819ADDBC5000AFEEB /* Build configuration list for PBXProject "MyPlayProject" */;
			compatibilityVersion = "Xcode 3.2";
			developmentRegion = English;
			hasScannedForEncodings = 0;
			knownRegions = (
				en,
				Base,
			);
			mainGroup = 68171BD419ADDBC5000AFEEB;
			productRefGroup = 68171BDE19ADDBC5000AFEEB /* Products */;
			projectDirPath = "";
			projectReferences = (
				{
					ProductGroup = 68171C1819ADDC45000AFEEB /* Products */;
					ProjectRef = 68171C1719ADDC45000AFEEB /* ShinobiPlayUtils.xcodeproj */;
				},
			);
			projectRoot = "";
			targets = (
				68171BDC19ADDBC5000AFEEB /* MyPlayProject */,
			);
		};
/* End PBXProject section */

/* Begin PBXReferenceProxy section */
		68171C1D19ADDC45000AFEEB /* libShinobiPlayUtils.a */ = {
			isa = PBXReferenceProxy;
			fileType = archive.ar;
			path = libShinobiPlayUtils.a;
			remoteRef = 68171C1C19ADDC45000AFEEB /* PBXContainerItemProxy */;
			sourceTree = BUILT_PRODUCTS_DIR;
		};
		68171C1F19ADDC45000AFEEB /* ShinobiPlayUtilsTests.xctest */ = {
			isa = PBXReferenceProxy;
			fileType = wrapper.cfbundle;
			path = ShinobiPlayUtilsTests.xctest;
			remoteRef = 68171C1E19ADDC45000AFEEB /* PBXContainerItemProxy */;
			sourceTree = BUILT_PRODUCTS_DIR;
		};
/* End PBXReferenceProxy section */

/* Begin PBXResourcesBuildPhase section */
		68171BDB19ADDBC5000AFEEB /* Resources */ = {
			isa = PBXResourcesBuildPhase;
			buildActionMask = 2147483647;
			files = (
				68171BF919ADDBC5000AFEEB /* Images.xcassets in Resources */,
				68171BEB19ADDBC5000AFEEB /* InfoPlist.strings in Resources */,
				68171BF419ADDBC5000AFEEB /* MyPlayProject.storyboard in Resources */,
			);
			runOnlyForDeploymentPostprocessing = 0;
		};
/* End PBXResourcesBuildPhase section */

/* Begin PBXSourcesBuildPhase section */
		68171BD919ADDBC5000AFEEB /* Sources */ = {
			isa = PBXSourcesBuildPhase;
			buildActionMask = 2147483647;
			files = (
				68171BF119ADDBC5000AFEEB /* MyPlayProjectAppDelegate.m in Sources */,
				68171BED19ADDBC5000AFEEB /* main.m in Sources */,
				68171BF719ADDBC5000AFEEB /* MyPlayProjectViewController.m in Sources */,
			);
			runOnlyForDeploymentPostprocessing = 0;
		};
/* End PBXSourcesBuildPhase section */

/* Begin PBXTargetDependency section */
		68171C2119ADDCCB000AFEEB /* PBXTargetDependency */ = {
			isa = PBXTargetDependency;
			name = ShinobiPlayUtils;
			targetProxy = 68171C2019ADDCCB000AFEEB /* PBXContainerItemProxy */;
		};
/* End PBXTargetDependency section */

/* Begin PBXVariantGroup section */
		68171BE919ADDBC5000AFEEB /* InfoPlist.strings */ = {
			isa = PBXVariantGroup;
			children = (
				68171BEA19ADDBC5000AFEEB /* en */,
			);
			name = InfoPlist.strings;
			sourceTree = "<group>";
		};
		68171BF219ADDBC5000AFEEB /* MyPlayProject.storyboard */ = {
			isa = PBXVariantGroup;
			children = (
				68171BF319ADDBC5000AFEEB /* Base */,
			);
			name = MyPlayProject.storyboard;
			sourceTree = "<group>";
		};
/* End PBXVariantGroup section */

/* Begin XCBuildConfiguration section */
		68171C0D19ADDBC5000AFEEB /* Debug */ = {
			isa = XCBuildConfiguration;
			buildSettings = {
				ALWAYS_SEARCH_USER_PATHS = NO;
				CLANG_CXX_LANGUAGE_STANDARD = "gnu++0x";
				CLANG_CXX_LIBRARY = "libc++";
				CLANG_ENABLE_MODULES = YES;
				CLANG_ENABLE_OBJC_ARC = YES;
				CLANG_WARN_BOOL_CONVERSION = YES;
				CLANG_WARN_CONSTANT_CONVERSION = YES;
				CLANG_WARN_DIRECT_OBJC_ISA_USAGE = YES_ERROR;
				CLANG_WARN_EMPTY_BODY = YES;
				CLANG_WARN_ENUM_CONVERSION = YES;
				CLANG_WARN_INT_CONVERSION = YES;
				CLANG_WARN_OBJC_ROOT_CLASS = YES_ERROR;
				CLANG_WARN__DUPLICATE_METHOD_MATCH = YES;
				"CODE_SIGN_IDENTITY[sdk=iphoneos*]" = "iPhone Developer";
				COPY_PHASE_STRIP = NO;
				GCC_C_LANGUAGE_STANDARD = gnu99;
				GCC_DYNAMIC_NO_PIC = NO;
				GCC_OPTIMIZATION_LEVEL = 0;
				GCC_PREPROCESSOR_DEFINITIONS = (
					"DEBUG=1",
					"$(inherited)",
				);
				GCC_SYMBOLS_PRIVATE_EXTERN = NO;
				GCC_WARN_64_TO_32_BIT_CONVERSION = YES;
				GCC_WARN_ABOUT_RETURN_TYPE = YES_ERROR;
				GCC_WARN_UNDECLARED_SELECTOR = YES;
				GCC_WARN_UNINITIALIZED_AUTOS = YES_AGGRESSIVE;
				GCC_WARN_UNUSED_FUNCTION = YES;
				GCC_WARN_UNUSED_VARIABLE = YES;
				IPHONEOS_DEPLOYMENT_TARGET = 7.1;
				ONLY_ACTIVE_ARCH = YES;
				SDKROOT = iphoneos;
				TARGETED_DEVICE_FAMILY = 2;
			};
			name = Debug;
		};
		68171C0E19ADDBC5000AFEEB /* Release */ = {
			isa = XCBuildConfiguration;
			buildSettings = {
				ALWAYS_SEARCH_USER_PATHS = NO;
				CLANG_CXX_LANGUAGE_STANDARD = "gnu++0x";
				CLANG_CXX_LIBRARY = "libc++";
				CLANG_ENABLE_MODULES = YES;
				CLANG_ENABLE_OBJC_ARC = YES;
				CLANG_WARN_BOOL_CONVERSION = YES;
				CLANG_WARN_CONSTANT_CONVERSION = YES;
				CLANG_WARN_DIRECT_OBJC_ISA_USAGE = YES_ERROR;
				CLANG_WARN_EMPTY_BODY = YES;
				CLANG_WARN_ENUM_CONVERSION = YES;
				CLANG_WARN_INT_CONVERSION = YES;
				CLANG_WARN_OBJC_ROOT_CLASS = YES_ERROR;
				CLANG_WARN__DUPLICATE_METHOD_MATCH = YES;
				"CODE_SIGN_IDENTITY[sdk=iphoneos*]" = "iPhone Developer";
				COPY_PHASE_STRIP = YES;
				ENABLE_NS_ASSERTIONS = NO;
				GCC_C_LANGUAGE_STANDARD = gnu99;
				GCC_WARN_64_TO_32_BIT_CONVERSION = YES;
				GCC_WARN_ABOUT_RETURN_TYPE = YES_ERROR;
				GCC_WARN_UNDECLARED_SELECTOR = YES;
				GCC_WARN_UNINITIALIZED_AUTOS = YES_AGGRESSIVE;
				GCC_WARN_UNUSED_FUNCTION = YES;
				GCC_WARN_UNUSED_VARIABLE = YES;
				IPHONEOS_DEPLOYMENT_TARGET = 7.1;
				SDKROOT = iphoneos;
				TARGETED_DEVICE_FAMILY = 2;
				VALIDATE_PRODUCT = YES;
			};
			name = Release;
		};
		68171C1019ADDBC5000AFEEB /* Debug */ = {
			isa = XCBuildConfiguration;
			buildSettings = {
				ASSETCATALOG_COMPILER_APPICON_NAME = AppIcon;
				ASSETCATALOG_COMPILER_LAUNCHIMAGE_NAME = LaunchImage;
				GCC_PRECOMPILE_PREFIX_HEADER = YES;
				GCC_PREFIX_HEADER = "MyPlayProject/MyPlayProject-Prefix.pch";
				INFOPLIST_FILE = "MyPlayProject/MyPlayProject-Info.plist";
				PRODUCT_NAME = "$(TARGET_NAME)";
				WRAPPER_EXTENSION = app;
			};
			name = Debug;
		};
		68171C1119ADDBC5000AFEEB /* Release */ = {
			isa = XCBuildConfiguration;
			buildSettings = {
				ASSETCATALOG_COMPILER_APPICON_NAME = AppIcon;
				ASSETCATALOG_COMPILER_LAUNCHIMAGE_NAME = LaunchImage;
				GCC_PRECOMPILE_PREFIX_HEADER = YES;
				GCC_PREFIX_HEADER = "MyPlayProject/MyPlayProject-Prefix.pch";
				INFOPLIST_FILE = "MyPlayProject/MyPlayProject-Info.plist";
				PRODUCT_NAME = "$(TARGET_NAME)";
				WRAPPER_EXTENSION = app;
			};
			name = Release;
		};
/* End XCBuildConfiguration section */

/* Begin XCConfigurationList section */
		68171BD819ADDBC5000AFEEB /* Build configuration list for PBXProject "MyPlayProject" */ = {
			isa = XCConfigurationList;
			buildConfigurations = (
				68171C0D19ADDBC5000AFEEB /* Debug */,
				68171C0E19ADDBC5000AFEEB /* Release */,
			);
			defaultConfigurationIsVisible = 0;
			defaultConfigurationName = Release;
		};
		68171C0F19ADDBC5000AFEEB /* Build configuration list for PBXNativeTarget "MyPlayProject" */ = {
			isa = XCConfigurationList;
			buildConfigurations = (
				68171C1019ADDBC5000AFEEB /* Debug */,
				68171C1119ADDBC5000AFEEB /* Release */,
			);
			defaultConfigurationIsVisible = 0;
			defaultConfigurationName = Release;
		};
/* End XCConfigurationList section */
	};
	rootObject = 68171BD519ADDBC5000AFEEB /* Project object */;
}
