// !$*UTF8*$!
{
	archiveVersion = 1;
	classes = {
	};
	objectVersion = 46;
	objects = {

/* Begin PBXBuildFile section */
		68171BE119ADDBC5000AFEEB /* Foundation.framework in Frameworks */ = {isa = PBXBuildFile; fileRef = 68171BE019ADDBC5000AFEEB /* Foundation.framework */; };
		68171BE319ADDBC5000AFEEB /* CoreGraphics.framework in Frameworks */ = {isa = PBXBuildFile; fileRef = 68171BE219ADDBC5000AFEEB /* CoreGraphics.framework */; };
		68171BE519ADDBC5000AFEEB /* UIKit.framework in Frameworks */ = {isa = PBXBuildFile; fileRef = 68171BE419ADDBC5000AFEEB /* UIKit.framework */; };
		68171BEB19ADDBC5000AFEEB /* InfoPlist.strings in Resources */ = {isa = PBXBuildFile; fileRef = 68171BE919ADDBC5000AFEEB /* InfoPlist.strings */; };
		68171BED19ADDBC5000AFEEB /* main.m in Sources */ = {isa = PBXBuildFile; fileRef = 68171BEC19ADDBC5000AFEEB /* main.m */; };
		68171BF119ADDBC5000AFEEB /* StockChartAppDelegate.m in Sources */ = {isa = PBXBuildFile; fileRef = 68171BF019ADDBC5000AFEEB /* StockChartAppDelegate.m */; };
		68171BF419ADDBC5000AFEEB /* StockChart.storyboard in Resources */ = {isa = PBXBuildFile; fileRef = 68171BF219ADDBC5000AFEEB /* StockChart.storyboard */; };
		68171BF719ADDBC5000AFEEB /* StockChartViewController.m in Sources */ = {isa = PBXBuildFile; fileRef = 68171BF619ADDBC5000AFEEB /* StockChartViewController.m */; };
		68171BF919ADDBC5000AFEEB /* Images.xcassets in Resources */ = {isa = PBXBuildFile; fileRef = 68171BF819ADDBC5000AFEEB /* Images.xcassets */; };
		68171C1619ADDC04000AFEEB /* QuartzCore.framework in Frameworks */ = {isa = PBXBuildFile; fileRef = 68171C1519ADDC04000AFEEB /* QuartzCore.framework */; };
		68171C2219ADDCD6000AFEEB /* libShinobiPlayUtils.a in Frameworks */ = {isa = PBXBuildFile; fileRef = 68171C1D19ADDC45000AFEEB /* libShinobiPlayUtils.a */; };
		682B66261A012BC400B04BDA /* StockChartData.plist in Resources */ = {isa = PBXBuildFile; fileRef = 682B66231A012BC400B04BDA /* StockChartData.plist */; };
		682B66271A012BC400B04BDA /* StockChartData.m in Sources */ = {isa = PBXBuildFile; fileRef = 682B66251A012BC400B04BDA /* StockChartData.m */; };
		68C0F2B71A37075B00485974 /* StockChartCrosshairTooltip.m in Sources */ = {isa = PBXBuildFile; fileRef = 68C0F2B61A37075B00485974 /* StockChartCrosshairTooltip.m */; };
		68C0F2BA1A37076B00485974 /* StockChartCrosshair.m in Sources */ = {isa = PBXBuildFile; fileRef = 68C0F2B91A37076B00485974 /* StockChartCrosshair.m */; };
		68E248AE1A35A37B002F698E /* StockChartConfigUtilities.m in Sources */ = {isa = PBXBuildFile; fileRef = 68E248AD1A35A37B002F698E /* StockChartConfigUtilities.m */; };
		68ECA6AB1A01311900645A75 /* ShinobiCharts.framework in Frameworks */ = {isa = PBXBuildFile; fileRef = 68ECA6AA1A01311900645A75 /* ShinobiCharts.framework */; };
		68ECA6B21A0131BE00645A75 /* StockChartDataSource.m in Sources */ = {isa = PBXBuildFile; fileRef = 68ECA6B11A0131BE00645A75 /* StockChartDataSource.m */; };
		68ECA6CD1A01342E00645A75 /* StockChartRangeChartDataSource.m in Sources */ = {isa = PBXBuildFile; fileRef = 68ECA6CC1A01342E00645A75 /* StockChartRangeChartDataSource.m */; };
		68ECA6DB1A01362400645A75 /* StockChartArrowHead.m in Sources */ = {isa = PBXBuildFile; fileRef = 68ECA6DA1A01362400645A75 /* StockChartArrowHead.m */; };
		68ECA6DE1A01363B00645A75 /* StockChartDashedLineAnnotation.m in Sources */ = {isa = PBXBuildFile; fileRef = 68ECA6DD1A01363B00645A75 /* StockChartDashedLineAnnotation.m */; };
		68ECA6E31A0137A200645A75 /* libstdc++.dylib in Frameworks */ = {isa = PBXBuildFile; fileRef = 68ECA6E21A0137A200645A75 /* libstdc++.dylib */; };
		68ECA6F41A07926A00645A75 /* StockChartRangeAnnotationManager.m in Sources */ = {isa = PBXBuildFile; fileRef = 68ECA6EE1A07926A00645A75 /* StockChartRangeAnnotationManager.m */; };
		68ECA6F51A07926A00645A75 /* StockChartRangeHandleAnnotation.m in Sources */ = {isa = PBXBuildFile; fileRef = 68ECA6F11A07926A00645A75 /* StockChartRangeHandleAnnotation.m */; };
		68ECA6F61A07926A00645A75 /* StockChartRangeSelectionAnnotation.m in Sources */ = {isa = PBXBuildFile; fileRef = 68ECA6F31A07926A00645A75 /* StockChartRangeSelectionAnnotation.m */; };
		68ECA6F91A07949800645A75 /* StockChartMomentumAnimation.m in Sources */ = {isa = PBXBuildFile; fileRef = 68ECA6F81A07949800645A75 /* StockChartMomentumAnimation.m */; };
		68ECA7011A07B62200645A75 /* StockChartValueAnnotationManager.m in Sources */ = {isa = PBXBuildFile; fileRef = 68ECA6FE1A07B62200645A75 /* StockChartValueAnnotationManager.m */; };
		68ECA7021A07B62200645A75 /* StockChartAnchoredTextAnnotation.m in Sources */ = {isa = PBXBuildFile; fileRef = 68ECA7001A07B62200645A75 /* StockChartAnchoredTextAnnotation.m */; };
		68ECA7061A07BB7600645A75 /* NSArray+StockChartUtils.m in Sources */ = {isa = PBXBuildFile; fileRef = 68ECA7051A07BB7600645A75 /* NSArray+StockChartUtils.m */; };
/* End PBXBuildFile section */

/* Begin PBXContainerItemProxy section */
		68171C1C19ADDC45000AFEEB /* PBXContainerItemProxy */ = {
			isa = PBXContainerItemProxy;
			containerPortal = 68171C1719ADDC45000AFEEB /* ShinobiPlayUtils.xcodeproj */;
			proxyType = 2;
			remoteGlobalIDString = 68793C011959855D009C17BD;
			remoteInfo = ShinobiPlayUtils;
		};
		68171C1E19ADDC45000AFEEB /* PBXContainerItemProxy */ = {
			isa = PBXContainerItemProxy;
			containerPortal = 68171C1719ADDC45000AFEEB /* ShinobiPlayUtils.xcodeproj */;
			proxyType = 2;
			remoteGlobalIDString = 68793C111959855E009C17BD;
			remoteInfo = ShinobiPlayUtilsTests;
		};
		68171C2019ADDCCB000AFEEB /* PBXContainerItemProxy */ = {
			isa = PBXContainerItemProxy;
			containerPortal = 68171C1719ADDC45000AFEEB /* ShinobiPlayUtils.xcodeproj */;
			proxyType = 1;
			remoteGlobalIDString = 68793C001959855D009C17BD;
			remoteInfo = ShinobiPlayUtils;
		};
/* End PBXContainerItemProxy section */

/* Begin PBXFileReference section */
		68171BDD19ADDBC5000AFEEB /* StockChart.app */ = {isa = PBXFileReference; explicitFileType = wrapper.application; includeInIndex = 0; path = StockChart.app; sourceTree = BUILT_PRODUCTS_DIR; };
		68171BE019ADDBC5000AFEEB /* Foundation.framework */ = {isa = PBXFileReference; lastKnownFileType = wrapper.framework; name = Foundation.framework; path = System/Library/Frameworks/Foundation.framework; sourceTree = SDKROOT; };
		68171BE219ADDBC5000AFEEB /* CoreGraphics.framework */ = {isa = PBXFileReference; lastKnownFileType = wrapper.framework; name = CoreGraphics.framework; path = System/Library/Frameworks/CoreGraphics.framework; sourceTree = SDKROOT; };
		68171BE419ADDBC5000AFEEB /* UIKit.framework */ = {isa = PBXFileReference; lastKnownFileType = wrapper.framework; name = UIKit.framework; path = System/Library/Frameworks/UIKit.framework; sourceTree = SDKROOT; };
		68171BE819ADDBC5000AFEEB /* StockChart-Info.plist */ = {isa = PBXFileReference; lastKnownFileType = text.plist.xml; path = "StockChart-Info.plist"; sourceTree = "<group>"; };
		68171BEA19ADDBC5000AFEEB /* en */ = {isa = PBXFileReference; lastKnownFileType = text.plist.strings; name = en; path = en.lproj/InfoPlist.strings; sourceTree = "<group>"; };
		68171BEC19ADDBC5000AFEEB /* main.m */ = {isa = PBXFileReference; lastKnownFileType = sourcecode.c.objc; lineEnding = 0; path = main.m; sourceTree = "<group>"; };
		68171BEE19ADDBC5000AFEEB /* StockChart-Prefix.pch */ = {isa = PBXFileReference; lastKnownFileType = sourcecode.c.h; path = "StockChart-Prefix.pch"; sourceTree = "<group>"; };
		68171BEF19ADDBC5000AFEEB /* StockChartAppDelegate.h */ = {isa = PBXFileReference; lastKnownFileType = sourcecode.c.h; path = StockChartAppDelegate.h; sourceTree = "<group>"; };
		68171BF019ADDBC5000AFEEB /* StockChartAppDelegate.m */ = {isa = PBXFileReference; lastKnownFileType = sourcecode.c.objc; lineEnding = 0; path = StockChartAppDelegate.m; sourceTree = "<group>"; };
		68171BF319ADDBC5000AFEEB /* Base */ = {isa = PBXFileReference; lastKnownFileType = file.storyboard; name = Base; path = Base.lproj/StockChart.storyboard; sourceTree = "<group>"; };
		68171BF519ADDBC5000AFEEB /* StockChartViewController.h */ = {isa = PBXFileReference; lastKnownFileType = sourcecode.c.h; lineEnding = 0; path = StockChartViewController.h; sourceTree = "<group>"; };
		68171BF619ADDBC5000AFEEB /* StockChartViewController.m */ = {isa = PBXFileReference; lastKnownFileType = sourcecode.c.objc; lineEnding = 0; path = StockChartViewController.m; sourceTree = "<group>"; xcLanguageSpecificationIdentifier = xcode.lang.objc; };
		68171BF819ADDBC5000AFEEB /* Images.xcassets */ = {isa = PBXFileReference; lastKnownFileType = folder.assetcatalog; path = Images.xcassets; sourceTree = "<group>"; };
		68171BFF19ADDBC5000AFEEB /* XCTest.framework */ = {isa = PBXFileReference; lastKnownFileType = wrapper.framework; name = XCTest.framework; path = Library/Frameworks/XCTest.framework; sourceTree = DEVELOPER_DIR; };
		68171C1519ADDC04000AFEEB /* QuartzCore.framework */ = {isa = PBXFileReference; lastKnownFileType = wrapper.framework; name = QuartzCore.framework; path = System/Library/Frameworks/QuartzCore.framework; sourceTree = SDKROOT; };
		68171C1719ADDC45000AFEEB /* ShinobiPlayUtils.xcodeproj */ = {isa = PBXFileReference; lastKnownFileType = "wrapper.pb-project"; name = ShinobiPlayUtils.xcodeproj; path = ShinobiPlayUtils/ShinobiPlayUtils/ShinobiPlayUtils.xcodeproj; sourceTree = "<group>"; };
		682B66231A012BC400B04BDA /* StockChartData.plist */ = {isa = PBXFileReference; lastKnownFileType = file.bplist; path = StockChartData.plist; sourceTree = "<group>"; };
		682B66241A012BC400B04BDA /* StockChartData.h */ = {isa = PBXFileReference; fileEncoding = 4; lastKnownFileType = sourcecode.c.h; path = StockChartData.h; sourceTree = "<group>"; };
		682B66251A012BC400B04BDA /* StockChartData.m */ = {isa = PBXFileReference; fileEncoding = 4; lastKnownFileType = sourcecode.c.objc; path = StockChartData.m; sourceTree = "<group>"; };
		68C0F2B51A37075B00485974 /* StockChartCrosshairTooltip.h */ = {isa = PBXFileReference; fileEncoding = 4; lastKnownFileType = sourcecode.c.h; path = StockChartCrosshairTooltip.h; sourceTree = "<group>"; };
		68C0F2B61A37075B00485974 /* StockChartCrosshairTooltip.m */ = {isa = PBXFileReference; fileEncoding = 4; lastKnownFileType = sourcecode.c.objc; path = StockChartCrosshairTooltip.m; sourceTree = "<group>"; };
		68C0F2B81A37076B00485974 /* StockChartCrosshair.h */ = {isa = PBXFileReference; fileEncoding = 4; lastKnownFileType = sourcecode.c.h; path = StockChartCrosshair.h; sourceTree = "<group>"; };
		68C0F2B91A37076B00485974 /* StockChartCrosshair.m */ = {isa = PBXFileReference; fileEncoding = 4; lastKnownFileType = sourcecode.c.objc; path = StockChartCrosshair.m; sourceTree = "<group>"; };
		68E248AC1A35A37B002F698E /* StockChartConfigUtilities.h */ = {isa = PBXFileReference; fileEncoding = 4; lastKnownFileType = sourcecode.c.h; path = StockChartConfigUtilities.h; sourceTree = "<group>"; };
		68E248AD1A35A37B002F698E /* StockChartConfigUtilities.m */ = {isa = PBXFileReference; fileEncoding = 4; lastKnownFileType = sourcecode.c.objc; path = StockChartConfigUtilities.m; sourceTree = "<group>"; };
		68ECA6AA1A01311900645A75 /* ShinobiCharts.framework */ = {isa = PBXFileReference; lastKnownFileType = wrapper.framework; name = ShinobiCharts.framework; path = Library/Frameworks/ShinobiCharts.framework; sourceTree = DEVELOPER_DIR; };
		68ECA6B01A0131BE00645A75 /* StockChartDataSource.h */ = {isa = PBXFileReference; fileEncoding = 4; lastKnownFileType = sourcecode.c.h; path = StockChartDataSource.h; sourceTree = "<group>"; };
		68ECA6B11A0131BE00645A75 /* StockChartDataSource.m */ = {isa = PBXFileReference; fileEncoding = 4; lastKnownFileType = sourcecode.c.objc; path = StockChartDataSource.m; sourceTree = "<group>"; };
		68ECA6CB1A01342E00645A75 /* StockChartRangeChartDataSource.h */ = {isa = PBXFileReference; fileEncoding = 4; lastKnownFileType = sourcecode.c.h; path = StockChartRangeChartDataSource.h; sourceTree = "<group>"; };
		68ECA6CC1A01342E00645A75 /* StockChartRangeChartDataSource.m */ = {isa = PBXFileReference; fileEncoding = 4; lastKnownFileType = sourcecode.c.objc; path = StockChartRangeChartDataSource.m; sourceTree = "<group>"; };
		68ECA6D91A01362400645A75 /* StockChartArrowHead.h */ = {isa = PBXFileReference; fileEncoding = 4; lastKnownFileType = sourcecode.c.h; path = StockChartArrowHead.h; sourceTree = "<group>"; };
		68ECA6DA1A01362400645A75 /* StockChartArrowHead.m */ = {isa = PBXFileReference; fileEncoding = 4; lastKnownFileType = sourcecode.c.objc; path = StockChartArrowHead.m; sourceTree = "<group>"; };
		68ECA6DC1A01363B00645A75 /* StockChartDashedLineAnnotation.h */ = {isa = PBXFileReference; fileEncoding = 4; lastKnownFileType = sourcecode.c.h; path = StockChartDashedLineAnnotation.h; sourceTree = "<group>"; };
		68ECA6DD1A01363B00645A75 /* StockChartDashedLineAnnotation.m */ = {isa = PBXFileReference; fileEncoding = 4; lastKnownFileType = sourcecode.c.objc; path = StockChartDashedLineAnnotation.m; sourceTree = "<group>"; };
		68ECA6E21A0137A200645A75 /* libstdc++.dylib */ = {isa = PBXFileReference; lastKnownFileType = "compiled.mach-o.dylib"; name = "libstdc++.dylib"; path = "usr/lib/libstdc++.dylib"; sourceTree = SDKROOT; };
		68ECA6ED1A07926A00645A75 /* StockChartRangeAnnotationManager.h */ = {isa = PBXFileReference; fileEncoding = 4; lastKnownFileType = sourcecode.c.h; path = StockChartRangeAnnotationManager.h; sourceTree = "<group>"; };
		68ECA6EE1A07926A00645A75 /* StockChartRangeAnnotationManager.m */ = {isa = PBXFileReference; fileEncoding = 4; lastKnownFileType = sourcecode.c.objc; path = StockChartRangeAnnotationManager.m; sourceTree = "<group>"; };
		68ECA6EF1A07926A00645A75 /* StockChartRangeAnnotationDelegate.h */ = {isa = PBXFileReference; fileEncoding = 4; lastKnownFileType = sourcecode.c.h; path = StockChartRangeAnnotationDelegate.h; sourceTree = "<group>"; };
		68ECA6F01A07926A00645A75 /* StockChartRangeHandleAnnotation.h */ = {isa = PBXFileReference; fileEncoding = 4; lastKnownFileType = sourcecode.c.h; path = StockChartRangeHandleAnnotation.h; sourceTree = "<group>"; };
		68ECA6F11A07926A00645A75 /* StockChartRangeHandleAnnotation.m */ = {isa = PBXFileReference; fileEncoding = 4; lastKnownFileType = sourcecode.c.objc; path = StockChartRangeHandleAnnotation.m; sourceTree = "<group>"; };
		68ECA6F21A07926A00645A75 /* StockChartRangeSelectionAnnotation.h */ = {isa = PBXFileReference; fileEncoding = 4; lastKnownFileType = sourcecode.c.h; path = StockChartRangeSelectionAnnotation.h; sourceTree = "<group>"; };
		68ECA6F31A07926A00645A75 /* StockChartRangeSelectionAnnotation.m */ = {isa = PBXFileReference; fileEncoding = 4; lastKnownFileType = sourcecode.c.objc; path = StockChartRangeSelectionAnnotation.m; sourceTree = "<group>"; };
		68ECA6F71A07949800645A75 /* StockChartMomentumAnimation.h */ = {isa = PBXFileReference; fileEncoding = 4; lastKnownFileType = sourcecode.c.h; path = StockChartMomentumAnimation.h; sourceTree = "<group>"; };
		68ECA6F81A07949800645A75 /* StockChartMomentumAnimation.m */ = {isa = PBXFileReference; fileEncoding = 4; lastKnownFileType = sourcecode.c.objc; path = StockChartMomentumAnimation.m; sourceTree = "<group>"; };
		68ECA6FD1A07B62200645A75 /* StockChartValueAnnotationManager.h */ = {isa = PBXFileReference; fileEncoding = 4; lastKnownFileType = sourcecode.c.h; path = StockChartValueAnnotationManager.h; sourceTree = "<group>"; };
		68ECA6FE1A07B62200645A75 /* StockChartValueAnnotationManager.m */ = {isa = PBXFileReference; fileEncoding = 4; lastKnownFileType = sourcecode.c.objc; path = StockChartValueAnnotationManager.m; sourceTree = "<group>"; };
		68ECA6FF1A07B62200645A75 /* StockChartAnchoredTextAnnotation.h */ = {isa = PBXFileReference; fileEncoding = 4; lastKnownFileType = sourcecode.c.h; path = StockChartAnchoredTextAnnotation.h; sourceTree = "<group>"; };
		68ECA7001A07B62200645A75 /* StockChartAnchoredTextAnnotation.m */ = {isa = PBXFileReference; fileEncoding = 4; lastKnownFileType = sourcecode.c.objc; path = StockChartAnchoredTextAnnotation.m; sourceTree = "<group>"; };
		68ECA7031A07B80100645A75 /* StockChartDatasourceLookup.h */ = {isa = PBXFileReference; lastKnownFileType = sourcecode.c.h; path = StockChartDatasourceLookup.h; sourceTree = "<group>"; };
		68ECA7041A07BB7600645A75 /* NSArray+StockChartUtils.h */ = {isa = PBXFileReference; fileEncoding = 4; lastKnownFileType = sourcecode.c.h; path = "NSArray+StockChartUtils.h"; sourceTree = "<group>"; };
		68ECA7051A07BB7600645A75 /* NSArray+StockChartUtils.m */ = {isa = PBXFileReference; fileEncoding = 4; lastKnownFileType = sourcecode.c.objc; path = "NSArray+StockChartUtils.m"; sourceTree = "<group>"; };
/* End PBXFileReference section */

/* Begin PBXFrameworksBuildPhase section */
		68171BDA19ADDBC5000AFEEB /* Frameworks */ = {
			isa = PBXFrameworksBuildPhase;
			buildActionMask = 2147483647;
			files = (
				68ECA6E31A0137A200645A75 /* libstdc++.dylib in Frameworks */,
				68ECA6AB1A01311900645A75 /* ShinobiCharts.framework in Frameworks */,
				68171C2219ADDCD6000AFEEB /* libShinobiPlayUtils.a in Frameworks */,
				68171C1619ADDC04000AFEEB /* QuartzCore.framework in Frameworks */,
				68171BE319ADDBC5000AFEEB /* CoreGraphics.framework in Frameworks */,
				68171BE519ADDBC5000AFEEB /* UIKit.framework in Frameworks */,
				68171BE119ADDBC5000AFEEB /* Foundation.framework in Frameworks */,
			);
			runOnlyForDeploymentPostprocessing = 0;
		};
/* End PBXFrameworksBuildPhase section */

/* Begin PBXGroup section */
		68171BD419ADDBC5000AFEEB = {
			isa = PBXGroup;
			children = (
				68171C1719ADDC45000AFEEB /* ShinobiPlayUtils.xcodeproj */,
				68171BE619ADDBC5000AFEEB /* StockChart */,
				68171BDF19ADDBC5000AFEEB /* Frameworks */,
				68171BDE19ADDBC5000AFEEB /* Products */,
			);
			sourceTree = "<group>";
		};
		68171BDE19ADDBC5000AFEEB /* Products */ = {
			isa = PBXGroup;
			children = (
				68171BDD19ADDBC5000AFEEB /* StockChart.app */,
			);
			name = Products;
			sourceTree = "<group>";
		};
		68171BDF19ADDBC5000AFEEB /* Frameworks */ = {
			isa = PBXGroup;
			children = (
				68ECA6E21A0137A200645A75 /* libstdc++.dylib */,
				68ECA6AA1A01311900645A75 /* ShinobiCharts.framework */,
				68171C1519ADDC04000AFEEB /* QuartzCore.framework */,
				68171BE019ADDBC5000AFEEB /* Foundation.framework */,
				68171BE219ADDBC5000AFEEB /* CoreGraphics.framework */,
				68171BE419ADDBC5000AFEEB /* UIKit.framework */,
				68171BFF19ADDBC5000AFEEB /* XCTest.framework */,
			);
			name = Frameworks;
			sourceTree = "<group>";
		};
		68171BE619ADDBC5000AFEEB /* StockChart */ = {
			isa = PBXGroup;
			children = (
				68C0F2B41A3706CF00485974 /* Crosshair */,
				68ECA6FC1A07B60700645A75 /* ValueAnnotations */,
				68ECA6EB1A07903200645A75 /* RangeChartAnnotations */,
				682B66211A012BB700B04BDA /* Data */,
				68E248AC1A35A37B002F698E /* StockChartConfigUtilities.h */,
				68E248AD1A35A37B002F698E /* StockChartConfigUtilities.m */,
				68ECA7041A07BB7600645A75 /* NSArray+StockChartUtils.h */,
				68ECA7051A07BB7600645A75 /* NSArray+StockChartUtils.m */,
				68171BEF19ADDBC5000AFEEB /* StockChartAppDelegate.h */,
				68171BF019ADDBC5000AFEEB /* StockChartAppDelegate.m */,
				68171BF219ADDBC5000AFEEB /* StockChart.storyboard */,
				68171BF519ADDBC5000AFEEB /* StockChartViewController.h */,
				68171BF619ADDBC5000AFEEB /* StockChartViewController.m */,
				68171BF819ADDBC5000AFEEB /* Images.xcassets */,
				68171BE719ADDBC5000AFEEB /* Supporting Files */,
			);
			path = StockChart;
			sourceTree = "<group>";
		};
		68171BE719ADDBC5000AFEEB /* Supporting Files */ = {
			isa = PBXGroup;
			children = (
				68171BE819ADDBC5000AFEEB /* StockChart-Info.plist */,
				68171BE919ADDBC5000AFEEB /* InfoPlist.strings */,
				68171BEC19ADDBC5000AFEEB /* main.m */,
				68171BEE19ADDBC5000AFEEB /* StockChart-Prefix.pch */,
			);
			name = "Supporting Files";
			sourceTree = "<group>";
		};
		68171C1819ADDC45000AFEEB /* Products */ = {
			isa = PBXGroup;
			children = (
				68171C1D19ADDC45000AFEEB /* libShinobiPlayUtils.a */,
				68171C1F19ADDC45000AFEEB /* ShinobiPlayUtilsTests.xctest */,
			);
			name = Products;
			sourceTree = "<group>";
		};
		682B66211A012BB700B04BDA /* Data */ = {
			isa = PBXGroup;
			children = (
				682B66231A012BC400B04BDA /* StockChartData.plist */,
				682B66241A012BC400B04BDA /* StockChartData.h */,
				682B66251A012BC400B04BDA /* StockChartData.m */,
				68ECA6CB1A01342E00645A75 /* StockChartRangeChartDataSource.h */,
				68ECA6CC1A01342E00645A75 /* StockChartRangeChartDataSource.m */,
				68ECA7031A07B80100645A75 /* StockChartDatasourceLookup.h */,
				68ECA6B01A0131BE00645A75 /* StockChartDataSource.h */,
				68ECA6B11A0131BE00645A75 /* StockChartDataSource.m */,
			);
			name = Data;
			sourceTree = "<group>";
		};
		68C0F2B41A3706CF00485974 /* Crosshair */ = {
			isa = PBXGroup;
			children = (
				68C0F2B81A37076B00485974 /* StockChartCrosshair.h */,
				68C0F2B91A37076B00485974 /* StockChartCrosshair.m */,
				68C0F2B51A37075B00485974 /* StockChartCrosshairTooltip.h */,
				68C0F2B61A37075B00485974 /* StockChartCrosshairTooltip.m */,
			);
			name = Crosshair;
			sourceTree = "<group>";
		};
		68ECA6EB1A07903200645A75 /* RangeChartAnnotations */ = {
			isa = PBXGroup;
			children = (
				68ECA6F71A07949800645A75 /* StockChartMomentumAnimation.h */,
				68ECA6F81A07949800645A75 /* StockChartMomentumAnimation.m */,
				68ECA6ED1A07926A00645A75 /* StockChartRangeAnnotationManager.h */,
				68ECA6EE1A07926A00645A75 /* StockChartRangeAnnotationManager.m */,
				68ECA6EF1A07926A00645A75 /* StockChartRangeAnnotationDelegate.h */,
				68ECA6F01A07926A00645A75 /* StockChartRangeHandleAnnotation.h */,
				68ECA6F11A07926A00645A75 /* StockChartRangeHandleAnnotation.m */,
				68ECA6F21A07926A00645A75 /* StockChartRangeSelectionAnnotation.h */,
				68ECA6F31A07926A00645A75 /* StockChartRangeSelectionAnnotation.m */,
			);
			name = RangeChartAnnotations;
			sourceTree = "<group>";
		};
		68ECA6FC1A07B60700645A75 /* ValueAnnotations */ = {
			isa = PBXGroup;
			children = (
				68ECA6D91A01362400645A75 /* StockChartArrowHead.h */,
				68ECA6DA1A01362400645A75 /* StockChartArrowHead.m */,
				68ECA6DC1A01363B00645A75 /* StockChartDashedLineAnnotation.h */,
				68ECA6DD1A01363B00645A75 /* StockChartDashedLineAnnotation.m */,
				68ECA6FD1A07B62200645A75 /* StockChartValueAnnotationManager.h */,
				68ECA6FE1A07B62200645A75 /* StockChartValueAnnotationManager.m */,
				68ECA6FF1A07B62200645A75 /* StockChartAnchoredTextAnnotation.h */,
				68ECA7001A07B62200645A75 /* StockChartAnchoredTextAnnotation.m */,
			);
			name = ValueAnnotations;
			sourceTree = "<group>";
		};
/* End PBXGroup section */

/* Begin PBXNativeTarget section */
		68171BDC19ADDBC5000AFEEB /* StockChart */ = {
			isa = PBXNativeTarget;
			buildConfigurationList = 68171C0F19ADDBC5000AFEEB /* Build configuration list for PBXNativeTarget "StockChart" */;
			buildPhases = (
				68171BD919ADDBC5000AFEEB /* Sources */,
				68171BDA19ADDBC5000AFEEB /* Frameworks */,
				68171BDB19ADDBC5000AFEEB /* Resources */,
			);
			buildRules = (
			);
			dependencies = (
				68171C2119ADDCCB000AFEEB /* PBXTargetDependency */,
			);
			name = StockChart;
			productName = StockChart;
			productReference = 68171BDD19ADDBC5000AFEEB /* StockChart.app */;
			productType = "com.apple.product-type.application";
		};
/* End PBXNativeTarget section */

/* Begin PBXProject section */
		68171BD519ADDBC5000AFEEB /* Project object */ = {
			isa = PBXProject;
			attributes = {
				CLASSPREFIX = StockChart;
				LastUpgradeCheck = 0510;
				ORGANIZATIONNAME = "Alison Clarke";
			};
			buildConfigurationList = 68171BD819ADDBC5000AFEEB /* Build configuration list for PBXProject "StockChart" */;
			compatibilityVersion = "Xcode 3.2";
			developmentRegion = English;
			hasScannedForEncodings = 0;
			knownRegions = (
				en,
				Base,
			);
			mainGroup = 68171BD419ADDBC5000AFEEB;
			productRefGroup = 68171BDE19ADDBC5000AFEEB /* Products */;
			projectDirPath = "";
			projectReferences = (
				{
					ProductGroup = 68171C1819ADDC45000AFEEB /* Products */;
					ProjectRef = 68171C1719ADDC45000AFEEB /* ShinobiPlayUtils.xcodeproj */;
				},
			);
			projectRoot = "";
			targets = (
				68171BDC19ADDBC5000AFEEB /* StockChart */,
			);
		};
/* End PBXProject section */

/* Begin PBXReferenceProxy section */
		68171C1D19ADDC45000AFEEB /* libShinobiPlayUtils.a */ = {
			isa = PBXReferenceProxy;
			fileType = archive.ar;
			path = libShinobiPlayUtils.a;
			remoteRef = 68171C1C19ADDC45000AFEEB /* PBXContainerItemProxy */;
			sourceTree = BUILT_PRODUCTS_DIR;
		};
		68171C1F19ADDC45000AFEEB /* ShinobiPlayUtilsTests.xctest */ = {
			isa = PBXReferenceProxy;
			fileType = wrapper.cfbundle;
			path = ShinobiPlayUtilsTests.xctest;
			remoteRef = 68171C1E19ADDC45000AFEEB /* PBXContainerItemProxy */;
			sourceTree = BUILT_PRODUCTS_DIR;
		};
/* End PBXReferenceProxy section */

/* Begin PBXResourcesBuildPhase section */
		68171BDB19ADDBC5000AFEEB /* Resources */ = {
			isa = PBXResourcesBuildPhase;
			buildActionMask = 2147483647;
			files = (
				682B66261A012BC400B04BDA /* StockChartData.plist in Resources */,
				68171BF919ADDBC5000AFEEB /* Images.xcassets in Resources */,
				68171BEB19ADDBC5000AFEEB /* InfoPlist.strings in Resources */,
				68171BF419ADDBC5000AFEEB /* StockChart.storyboard in Resources */,
			);
			runOnlyForDeploymentPostprocessing = 0;
		};
/* End PBXResourcesBuildPhase section */

/* Begin PBXSourcesBuildPhase section */
		68171BD919ADDBC5000AFEEB /* Sources */ = {
			isa = PBXSourcesBuildPhase;
			buildActionMask = 2147483647;
			files = (
				682B66271A012BC400B04BDA /* StockChartData.m in Sources */,
				68ECA6DB1A01362400645A75 /* StockChartArrowHead.m in Sources */,
				68ECA6B21A0131BE00645A75 /* StockChartDataSource.m in Sources */,
				68171BF119ADDBC5000AFEEB /* StockChartAppDelegate.m in Sources */,
				68ECA7011A07B62200645A75 /* StockChartValueAnnotationManager.m in Sources */,
				68ECA7021A07B62200645A75 /* StockChartAnchoredTextAnnotation.m in Sources */,
				68171BED19ADDBC5000AFEEB /* main.m in Sources */,
				68C0F2BA1A37076B00485974 /* StockChartCrosshair.m in Sources */,
				68ECA6DE1A01363B00645A75 /* StockChartDashedLineAnnotation.m in Sources */,
				68C0F2B71A37075B00485974 /* StockChartCrosshairTooltip.m in Sources */,
				68E248AE1A35A37B002F698E /* StockChartConfigUtilities.m in Sources */,
				68ECA6CD1A01342E00645A75 /* StockChartRangeChartDataSource.m in Sources */,
				68ECA7061A07BB7600645A75 /* NSArray+StockChartUtils.m in Sources */,
				68ECA6F91A07949800645A75 /* StockChartMomentumAnimation.m in Sources */,
				68ECA6F61A07926A00645A75 /* StockChartRangeSelectionAnnotation.m in Sources */,
				68171BF719ADDBC5000AFEEB /* StockChartViewController.m in Sources */,
				68ECA6F41A07926A00645A75 /* StockChartRangeAnnotationManager.m in Sources */,
				68ECA6F51A07926A00645A75 /* StockChartRangeHandleAnnotation.m in Sources */,
			);
			runOnlyForDeploymentPostprocessing = 0;
		};
/* End PBXSourcesBuildPhase section */

/* Begin PBXTargetDependency section */
		68171C2119ADDCCB000AFEEB /* PBXTargetDependency */ = {
			isa = PBXTargetDependency;
			name = ShinobiPlayUtils;
			targetProxy = 68171C2019ADDCCB000AFEEB /* PBXContainerItemProxy */;
		};
/* End PBXTargetDependency section */

/* Begin PBXVariantGroup section */
		68171BE919ADDBC5000AFEEB /* InfoPlist.strings */ = {
			isa = PBXVariantGroup;
			children = (
				68171BEA19ADDBC5000AFEEB /* en */,
			);
			name = InfoPlist.strings;
			sourceTree = "<group>";
		};
		68171BF219ADDBC5000AFEEB /* StockChart.storyboard */ = {
			isa = PBXVariantGroup;
			children = (
				68171BF319ADDBC5000AFEEB /* Base */,
			);
			name = StockChart.storyboard;
			sourceTree = "<group>";
		};
/* End PBXVariantGroup section */

/* Begin XCBuildConfiguration section */
		68171C0D19ADDBC5000AFEEB /* Debug */ = {
			isa = XCBuildConfiguration;
			buildSettings = {
				ALWAYS_SEARCH_USER_PATHS = NO;
				CLANG_CXX_LANGUAGE_STANDARD = "gnu++0x";
				CLANG_CXX_LIBRARY = "libc++";
				CLANG_ENABLE_MODULES = YES;
				CLANG_ENABLE_OBJC_ARC = YES;
				CLANG_WARN_BOOL_CONVERSION = YES;
				CLANG_WARN_CONSTANT_CONVERSION = YES;
				CLANG_WARN_DIRECT_OBJC_ISA_USAGE = YES_ERROR;
				CLANG_WARN_EMPTY_BODY = YES;
				CLANG_WARN_ENUM_CONVERSION = YES;
				CLANG_WARN_INT_CONVERSION = YES;
				CLANG_WARN_OBJC_ROOT_CLASS = YES_ERROR;
				CLANG_WARN__DUPLICATE_METHOD_MATCH = YES;
				"CODE_SIGN_IDENTITY[sdk=iphoneos*]" = "iPhone Developer";
				COPY_PHASE_STRIP = NO;
				GCC_C_LANGUAGE_STANDARD = gnu99;
				GCC_DYNAMIC_NO_PIC = NO;
				GCC_OPTIMIZATION_LEVEL = 0;
				GCC_PREPROCESSOR_DEFINITIONS = (
					"DEBUG=1",
					"$(inherited)",
				);
				GCC_SYMBOLS_PRIVATE_EXTERN = NO;
				GCC_WARN_64_TO_32_BIT_CONVERSION = YES;
				GCC_WARN_ABOUT_RETURN_TYPE = YES_ERROR;
				GCC_WARN_UNDECLARED_SELECTOR = YES;
				GCC_WARN_UNINITIALIZED_AUTOS = YES_AGGRESSIVE;
				GCC_WARN_UNUSED_FUNCTION = YES;
				GCC_WARN_UNUSED_VARIABLE = YES;
				IPHONEOS_DEPLOYMENT_TARGET = 7.1;
				ONLY_ACTIVE_ARCH = YES;
				SDKROOT = iphoneos;
				TARGETED_DEVICE_FAMILY = 2;
			};
			name = Debug;
		};
		68171C0E19ADDBC5000AFEEB /* Release */ = {
			isa = XCBuildConfiguration;
			buildSettings = {
				ALWAYS_SEARCH_USER_PATHS = NO;
				CLANG_CXX_LANGUAGE_STANDARD = "gnu++0x";
				CLANG_CXX_LIBRARY = "libc++";
				CLANG_ENABLE_MODULES = YES;
				CLANG_ENABLE_OBJC_ARC = YES;
				CLANG_WARN_BOOL_CONVERSION = YES;
				CLANG_WARN_CONSTANT_CONVERSION = YES;
				CLANG_WARN_DIRECT_OBJC_ISA_USAGE = YES_ERROR;
				CLANG_WARN_EMPTY_BODY = YES;
				CLANG_WARN_ENUM_CONVERSION = YES;
				CLANG_WARN_INT_CONVERSION = YES;
				CLANG_WARN_OBJC_ROOT_CLASS = YES_ERROR;
				CLANG_WARN__DUPLICATE_METHOD_MATCH = YES;
				"CODE_SIGN_IDENTITY[sdk=iphoneos*]" = "iPhone Developer";
				COPY_PHASE_STRIP = YES;
				ENABLE_NS_ASSERTIONS = NO;
				GCC_C_LANGUAGE_STANDARD = gnu99;
				GCC_WARN_64_TO_32_BIT_CONVERSION = YES;
				GCC_WARN_ABOUT_RETURN_TYPE = YES_ERROR;
				GCC_WARN_UNDECLARED_SELECTOR = YES;
				GCC_WARN_UNINITIALIZED_AUTOS = YES_AGGRESSIVE;
				GCC_WARN_UNUSED_FUNCTION = YES;
				GCC_WARN_UNUSED_VARIABLE = YES;
				IPHONEOS_DEPLOYMENT_TARGET = 7.1;
				SDKROOT = iphoneos;
				TARGETED_DEVICE_FAMILY = 2;
				VALIDATE_PRODUCT = YES;
			};
			name = Release;
		};
		68171C1019ADDBC5000AFEEB /* Debug */ = {
			isa = XCBuildConfiguration;
			buildSettings = {
				ASSETCATALOG_COMPILER_APPICON_NAME = AppIcon;
				ASSETCATALOG_COMPILER_LAUNCHIMAGE_NAME = LaunchImage;
				FRAMEWORK_SEARCH_PATHS = (
					"$(inherited)",
					"$(DEVELOPER_FRAMEWORKS_DIR)",
				);
				GCC_PRECOMPILE_PREFIX_HEADER = YES;
				GCC_PREFIX_HEADER = "StockChart/StockChart-Prefix.pch";
				INFOPLIST_FILE = "StockChart/StockChart-Info.plist";
				PRODUCT_NAME = StockChart;
				WRAPPER_EXTENSION = app;
			};
			name = Debug;
		};
		68171C1119ADDBC5000AFEEB /* Release */ = {
			isa = XCBuildConfiguration;
			buildSettings = {
				ASSETCATALOG_COMPILER_APPICON_NAME = AppIcon;
				ASSETCATALOG_COMPILER_LAUNCHIMAGE_NAME = LaunchImage;
				FRAMEWORK_SEARCH_PATHS = (
					"$(inherited)",
					"$(DEVELOPER_FRAMEWORKS_DIR)",
				);
				GCC_PRECOMPILE_PREFIX_HEADER = YES;
				GCC_PREFIX_HEADER = "StockChart/StockChart-Prefix.pch";
				INFOPLIST_FILE = "StockChart/StockChart-Info.plist";
				PRODUCT_NAME = StockChart;
				WRAPPER_EXTENSION = app;
			};
			name = Release;
		};
/* End XCBuildConfiguration section */

/* Begin XCConfigurationList section */
		68171BD819ADDBC5000AFEEB /* Build configuration list for PBXProject "StockChart" */ = {
			isa = XCConfigurationList;
			buildConfigurations = (
				68171C0D19ADDBC5000AFEEB /* Debug */,
				68171C0E19ADDBC5000AFEEB /* Release */,
			);
			defaultConfigurationIsVisible = 0;
			defaultConfigurationName = Release;
		};
		68171C0F19ADDBC5000AFEEB /* Build configuration list for PBXNativeTarget "StockChart" */ = {
			isa = XCConfigurationList;
			buildConfigurations = (
				68171C1019ADDBC5000AFEEB /* Debug */,
				68171C1119ADDBC5000AFEEB /* Release */,
			);
			defaultConfigurationIsVisible = 0;
			defaultConfigurationName = Release;
		};
/* End XCConfigurationList section */
	};
	rootObject = 68171BD519ADDBC5000AFEEB /* Project object */;
}
